{
    __meta__ = {
        version = "1.0"
    },
    ["windows|x64"] = {
        ["cmake#f56260b5"] = {
            repo = {
                branch = "master",
                commit = "4033f542417b761af67a9bfc2a3bac3cf8c6b6f1",
                url = "https://gitlab.com/tboox/xmake-repo.git"
            },
            version = "4.3.4"
        },
        ["ninja#f56260b5"] = {
            repo = {
                branch = "master",
                commit = "4033f542417b761af67a9bfc2a3bac3cf8c6b6f1",
                url = "https://gitlab.com/tboox/xmake-repo.git"
            },
            version = "v1.13.2"
        },
        ["spdlog v1.16.0#09c8c173"] = {
            repo = {
                branch = "master",
                commit = "4033f542417b761af67a9bfc2a3bac3cf8c6b6f1",
                url = "https://gitlab.com/tboox/xmake-repo.git"
            },
            version = "v1.16.0"
        }
    }
}